
Microsoft Visual Studio Solution File, Format Version 12.00
# Visual Studio Version 16
VisualStudioVersion = 16.0.32002.261
MinimumVisualStudioVersion = 10.0.40219.1
Project("{FAE04EC0-301F-11D3-BF4B-00C04F79EFBC}") = "TelegramBot", "TelegramBot.csproj", "{68165389-67AC-4811-A84E-156954740517}"
EndProject
Global
	GlobalSection(SolutionConfigurationPlatforms) = preSolution
		Debug|Any CPU = Debug|Any CPU
		Release|Any CPU = Release|Any CPU
	EndGlobalSection
	GlobalSection(ProjectConfigurationPlatforms) = postSolution
		{68165389-67AC-4811-A84E-156954740517}.Debug|Any CPU.ActiveCfg = Debug|Any CPU
		{68165389-67AC-4811-A84E-156954740517}.Debug|Any CPU.Build.0 = Debug|Any CPU
		{68165389-67AC-4811-A84E-156954740517}.Release|Any CPU.ActiveCfg = Release|Any CPU
		{68165389-67AC-4811-A84E-156954740517}.Release|Any CPU.Build.0 = Release|Any CPU
	EndGlobalSection
	GlobalSection(SolutionProperties) = preSolution
		HideSolutionNode = FALSE
	EndGlobalSection
	GlobalSection(ExtensibilityGlobals) = postSolution
		SolutionGuid = {EE829F9B-03D5-4256-870C-5C2AD9CD894E}
	EndGlobalSection
EndGlobal
